
Microsoft Visual Studio Solution File, Format Version 12.00
# Visual Studio 14
VisualStudioVersion = 14.0.24720.0
MinimumVisualStudioVersion = 10.0.40219.1
Project("{FAE04EC0-301F-11D3-BF4B-00C04F79EFBC}") = "AzureStorageMembershipReboot", "src\AzureStorageMembershipReboot\AzureStorageMembershipReboot.csproj", "{E42593A6-B6CB-48AE-BC26-33BB819A4A55}"
EndProject
Project("{FAE04EC0-301F-11D3-BF4B-00C04F79EFBC}") = "Web", "src\Web\Web.csproj", "{73A3F1D3-9026-4E61-AB0A-77CC3CD123A0}"
EndProject
Project("{FAE04EC0-301F-11D3-BF4B-00C04F79EFBC}") = "Core", "..\..\test\AppSyndicationTests\IdentityServer3\source\Core\Core.csproj", "{FB9E026E-BAB3-498A-A954-B93B05C146A5}"
EndProject
Global
	GlobalSection(SolutionConfigurationPlatforms) = preSolution
		AzureWebSites|Any CPU = AzureWebSites|Any CPU
		Debug|Any CPU = Debug|Any CPU
		Release|Any CPU = Release|Any CPU
	EndGlobalSection
	GlobalSection(ProjectConfigurationPlatforms) = postSolution
		{E42593A6-B6CB-48AE-BC26-33BB819A4A55}.AzureWebSites|Any CPU.ActiveCfg = Release|Any CPU
		{E42593A6-B6CB-48AE-BC26-33BB819A4A55}.AzureWebSites|Any CPU.Build.0 = Release|Any CPU
		{E42593A6-B6CB-48AE-BC26-33BB819A4A55}.Debug|Any CPU.ActiveCfg = Debug|Any CPU
		{E42593A6-B6CB-48AE-BC26-33BB819A4A55}.Debug|Any CPU.Build.0 = Debug|Any CPU
		{E42593A6-B6CB-48AE-BC26-33BB819A4A55}.Release|Any CPU.ActiveCfg = Release|Any CPU
		{E42593A6-B6CB-48AE-BC26-33BB819A4A55}.Release|Any CPU.Build.0 = Release|Any CPU
		{73A3F1D3-9026-4E61-AB0A-77CC3CD123A0}.AzureWebSites|Any CPU.ActiveCfg = Release|Any CPU
		{73A3F1D3-9026-4E61-AB0A-77CC3CD123A0}.AzureWebSites|Any CPU.Build.0 = Release|Any CPU
		{73A3F1D3-9026-4E61-AB0A-77CC3CD123A0}.Debug|Any CPU.ActiveCfg = Debug|Any CPU
		{73A3F1D3-9026-4E61-AB0A-77CC3CD123A0}.Debug|Any CPU.Build.0 = Debug|Any CPU
		{73A3F1D3-9026-4E61-AB0A-77CC3CD123A0}.Release|Any CPU.ActiveCfg = Release|Any CPU
		{73A3F1D3-9026-4E61-AB0A-77CC3CD123A0}.Release|Any CPU.Build.0 = Release|Any CPU
		{FB9E026E-BAB3-498A-A954-B93B05C146A5}.AzureWebSites|Any CPU.ActiveCfg = AzureWebSites|Any CPU
		{FB9E026E-BAB3-498A-A954-B93B05C146A5}.AzureWebSites|Any CPU.Build.0 = AzureWebSites|Any CPU
		{FB9E026E-BAB3-498A-A954-B93B05C146A5}.Debug|Any CPU.ActiveCfg = Debug|Any CPU
		{FB9E026E-BAB3-498A-A954-B93B05C146A5}.Debug|Any CPU.Build.0 = Debug|Any CPU
		{FB9E026E-BAB3-498A-A954-B93B05C146A5}.Release|Any CPU.ActiveCfg = Release|Any CPU
		{FB9E026E-BAB3-498A-A954-B93B05C146A5}.Release|Any CPU.Build.0 = Release|Any CPU
	EndGlobalSection
	GlobalSection(SolutionProperties) = preSolution
		HideSolutionNode = FALSE
	EndGlobalSection
EndGlobal
